
Microsoft Visual Studio Solution File, Format Version 12.00
# Visual Studio Version 17
VisualStudioVersion = 17.1.32228.430
MinimumVisualStudioVersion = 10.0.40219.1
Project("{9A19103F-16F7-4668-BE54-9A1E7A4F7556}") = "TrainingsPlanner", "TrainingsPlanner\TrainingsPlanner.csproj", "{247B95B1-7D30-456B-A5A6-B829BEDD18E4}"
EndProject
Project("{9A19103F-16F7-4668-BE54-9A1E7A4F7556}") = "TrainingsIdentity", "TrainingsIdentity\TrainingsIdentity.csproj", "{E2EF9A39-95A1-481F-9712-011E25C9F68D}"
EndProject
Project("{2150E333-8FDC-42A3-9474-1A3956D46DE8}") = "docker-compose", "docker-compose", "{00A6802F-3C35-49C4-BB25-7FF35E6640AE}"
	ProjectSection(SolutionItems) = preProject
		docker-compose.yml = docker-compose.yml
	EndProjectSection
EndProject
Project("{9A19103F-16F7-4668-BE54-9A1E7A4F7556}") = "EmailService", "EmailService\EmailService.csproj", "{398282D7-D3B8-4F6F-A9EF-F2ACADFF7065}"
EndProject
Project("{9A19103F-16F7-4668-BE54-9A1E7A4F7556}") = "Infrastructure", "Infrastructure\Infrastructure.csproj", "{A9DF86E0-5716-42D4-BCFC-46C56DE18380}"
EndProject
Project("{2150E333-8FDC-42A3-9474-1A3956D46DE8}") = "Certs", "Certs", "{C3ADA142-AD74-4D51-8D04-FEA3A4DC9222}"
	ProjectSection(SolutionItems) = preProject
		Certs\opensslIdentity.config = Certs\opensslIdentity.config
		opensslPostgres.config = opensslPostgres.config
		Certs\opensslTraining.config = Certs\opensslTraining.config
	EndProjectSection
EndProject
Project("{9A19103F-16F7-4668-BE54-9A1E7A4F7556}") = "Trainingsplanner.Postgres", "Trainingsplanner.Postgres\Trainingsplanner.Postgres.csproj", "{E45180D9-7DEE-49A3-835C-1437F67D884E}"
EndProject
Global
	GlobalSection(SolutionConfigurationPlatforms) = preSolution
		Debug|Any CPU = Debug|Any CPU
		Release|Any CPU = Release|Any CPU
	EndGlobalSection
	GlobalSection(ProjectConfigurationPlatforms) = postSolution
		{247B95B1-7D30-456B-A5A6-B829BEDD18E4}.Debug|Any CPU.ActiveCfg = Debug|Any CPU
		{247B95B1-7D30-456B-A5A6-B829BEDD18E4}.Debug|Any CPU.Build.0 = Debug|Any CPU
		{247B95B1-7D30-456B-A5A6-B829BEDD18E4}.Release|Any CPU.ActiveCfg = Release|Any CPU
		{247B95B1-7D30-456B-A5A6-B829BEDD18E4}.Release|Any CPU.Build.0 = Release|Any CPU
		{E2EF9A39-95A1-481F-9712-011E25C9F68D}.Debug|Any CPU.ActiveCfg = Debug|Any CPU
		{E2EF9A39-95A1-481F-9712-011E25C9F68D}.Debug|Any CPU.Build.0 = Debug|Any CPU
		{E2EF9A39-95A1-481F-9712-011E25C9F68D}.Release|Any CPU.ActiveCfg = Release|Any CPU
		{E2EF9A39-95A1-481F-9712-011E25C9F68D}.Release|Any CPU.Build.0 = Release|Any CPU
		{398282D7-D3B8-4F6F-A9EF-F2ACADFF7065}.Debug|Any CPU.ActiveCfg = Debug|Any CPU
		{398282D7-D3B8-4F6F-A9EF-F2ACADFF7065}.Debug|Any CPU.Build.0 = Debug|Any CPU
		{398282D7-D3B8-4F6F-A9EF-F2ACADFF7065}.Release|Any CPU.ActiveCfg = Release|Any CPU
		{398282D7-D3B8-4F6F-A9EF-F2ACADFF7065}.Release|Any CPU.Build.0 = Release|Any CPU
		{A9DF86E0-5716-42D4-BCFC-46C56DE18380}.Debug|Any CPU.ActiveCfg = Debug|Any CPU
		{A9DF86E0-5716-42D4-BCFC-46C56DE18380}.Debug|Any CPU.Build.0 = Debug|Any CPU
		{A9DF86E0-5716-42D4-BCFC-46C56DE18380}.Release|Any CPU.ActiveCfg = Release|Any CPU
		{A9DF86E0-5716-42D4-BCFC-46C56DE18380}.Release|Any CPU.Build.0 = Release|Any CPU
		{E45180D9-7DEE-49A3-835C-1437F67D884E}.Debug|Any CPU.ActiveCfg = Debug|Any CPU
		{E45180D9-7DEE-49A3-835C-1437F67D884E}.Debug|Any CPU.Build.0 = Debug|Any CPU
		{E45180D9-7DEE-49A3-835C-1437F67D884E}.Release|Any CPU.ActiveCfg = Release|Any CPU
		{E45180D9-7DEE-49A3-835C-1437F67D884E}.Release|Any CPU.Build.0 = Release|Any CPU
	EndGlobalSection
	GlobalSection(SolutionProperties) = preSolution
		HideSolutionNode = FALSE
	EndGlobalSection
	GlobalSection(ExtensibilityGlobals) = postSolution
		SolutionGuid = {DA361CB8-16BF-461B-AA65-584E0BA8D1A5}
	EndGlobalSection
EndGlobal
