
Microsoft Visual Studio Solution File, Format Version 12.00
Project("{FAE04EC0-301F-11D3-BF4B-00C04F79EFBC}") = "TrainingsPlanner", "TrainingsPlanner\TrainingsPlanner.csproj", "{247B95B1-7D30-456B-A5A6-B829BEDD18E4}"
EndProject
Project("{FAE04EC0-301F-11D3-BF4B-00C04F79EFBC}") = "TrainingsIdentity", "TrainingsIdentity\TrainingsIdentity.csproj", "{E2EF9A39-95A1-481F-9712-011E25C9F68D}"
EndProject
Project("{2150E333-8FDC-42A3-9474-1A3956D46DE8}") = "docker-compose", "docker-compose", "{00A6802F-3C35-49C4-BB25-7FF35E6640AE}"
ProjectSection(SolutionItems) = preProject
	docker-compose.yml = docker-compose.yml
EndProjectSection
EndProject
Project("{FAE04EC0-301F-11D3-BF4B-00C04F79EFBC}") = "EmailService", "EmailService\EmailService.csproj", "{398282D7-D3B8-4F6F-A9EF-F2ACADFF7065}"
EndProject
Project("{FAE04EC0-301F-11D3-BF4B-00C04F79EFBC}") = "Infrastructure", "Infrastructure\Infrastructure.csproj", "{A9DF86E0-5716-42D4-BCFC-46C56DE18380}"
EndProject
Project("{2150E333-8FDC-42A3-9474-1A3956D46DE8}") = "Certs", "Certs", "{C3ADA142-AD74-4D51-8D04-FEA3A4DC9222}"
ProjectSection(SolutionItems) = preProject
	Certs\opensslIdentity.config = Certs\opensslIdentity.config
	Certs\opensslTraining.config = Certs\opensslTraining.config
EndProjectSection
EndProject

Global
	GlobalSection(SolutionConfigurationPlatforms) = preSolution
		Debug|Any CPU = Debug|Any CPU
		Release|Any CPU = Release|Any CPU
	EndGlobalSection
	GlobalSection(ProjectConfigurationPlatforms) = postSolution
		{247B95B1-7D30-456B-A5A6-B829BEDD18E4}.Debug|Any CPU.ActiveCfg = Debug|Any CPU
		{247B95B1-7D30-456B-A5A6-B829BEDD18E4}.Debug|Any CPU.Build.0 = Debug|Any CPU
		{247B95B1-7D30-456B-A5A6-B829BEDD18E4}.Release|Any CPU.ActiveCfg = Release|Any CPU
		{247B95B1-7D30-456B-A5A6-B829BEDD18E4}.Release|Any CPU.Build.0 = Release|Any CPU
		{E2EF9A39-95A1-481F-9712-011E25C9F68D}.Debug|Any CPU.ActiveCfg = Debug|Any CPU
		{E2EF9A39-95A1-481F-9712-011E25C9F68D}.Debug|Any CPU.Build.0 = Debug|Any CPU
		{E2EF9A39-95A1-481F-9712-011E25C9F68D}.Release|Any CPU.ActiveCfg = Release|Any CPU
		{E2EF9A39-95A1-481F-9712-011E25C9F68D}.Release|Any CPU.Build.0 = Release|Any CPU
		{F6185878-0558-4D28-A5A2-4DF61A732724}.Debug|Any CPU.ActiveCfg = Debug|Any CPU
		{F6185878-0558-4D28-A5A2-4DF61A732724}.Debug|Any CPU.Build.0 = Debug|Any CPU
		{F6185878-0558-4D28-A5A2-4DF61A732724}.Release|Any CPU.ActiveCfg = Release|Any CPU
		{F6185878-0558-4D28-A5A2-4DF61A732724}.Release|Any CPU.Build.0 = Release|Any CPU
		{398282D7-D3B8-4F6F-A9EF-F2ACADFF7065}.Debug|Any CPU.ActiveCfg = Debug|Any CPU
		{398282D7-D3B8-4F6F-A9EF-F2ACADFF7065}.Debug|Any CPU.Build.0 = Debug|Any CPU
		{398282D7-D3B8-4F6F-A9EF-F2ACADFF7065}.Release|Any CPU.ActiveCfg = Release|Any CPU
		{398282D7-D3B8-4F6F-A9EF-F2ACADFF7065}.Release|Any CPU.Build.0 = Release|Any CPU
		{A9DF86E0-5716-42D4-BCFC-46C56DE18380}.Debug|Any CPU.ActiveCfg = Debug|Any CPU
		{A9DF86E0-5716-42D4-BCFC-46C56DE18380}.Debug|Any CPU.Build.0 = Debug|Any CPU
		{A9DF86E0-5716-42D4-BCFC-46C56DE18380}.Release|Any CPU.ActiveCfg = Release|Any CPU
		{A9DF86E0-5716-42D4-BCFC-46C56DE18380}.Release|Any CPU.Build.0 = Release|Any CPU
	EndGlobalSection
EndGlobal
